
Microsoft Visual Studio Solution File, Format Version 12.00
# Visual Studio Version 17
VisualStudioVersion = 17.3.32901.215
MinimumVisualStudioVersion = 10.0.40219.1
Project("{FAE04EC0-301F-11D3-BF4B-00C04F79EFBC}") = "Za", "Za\Za.csproj", "{D981E980-932E-41BA-BB5C-7DD69D343539}"
EndProject
Global
	GlobalSection(SolutionConfigurationPlatforms) = preSolution
		Debug|Any CPU = Debug|Any CPU
		Release|Any CPU = Release|Any CPU
	EndGlobalSection
	GlobalSection(ProjectConfigurationPlatforms) = postSolution
		{D981E980-932E-41BA-BB5C-7DD69D343539}.Debug|Any CPU.ActiveCfg = Debug|Any CPU
		{D981E980-932E-41BA-BB5C-7DD69D343539}.Debug|Any CPU.Build.0 = Debug|Any CPU
		{D981E980-932E-41BA-BB5C-7DD69D343539}.Release|Any CPU.ActiveCfg = Release|Any CPU
		{D981E980-932E-41BA-BB5C-7DD69D343539}.Release|Any CPU.Build.0 = Release|Any CPU
	EndGlobalSection
	GlobalSection(SolutionProperties) = preSolution
		HideSolutionNode = FALSE
	EndGlobalSection
	GlobalSection(ExtensibilityGlobals) = postSolution
		SolutionGuid = {7DB7746C-D1A0-450C-BBB3-8534B4DEED11}
	EndGlobalSection
EndGlobal
